
Microsoft Visual Studio Solution File, Format Version 12.00
# Visual Studio Version 16
VisualStudioVersion = 16.0.31729.503
MinimumVisualStudioVersion = 10.0.40219.1
Project("{FAE04EC0-301F-11D3-BF4B-00C04F79EFBC}") = "TGM3", "TGM3.csproj", "{BAA9027E-DE4B-474D-8382-F4954F92DC16}"
EndProject
Global
	GlobalSection(SolutionConfigurationPlatforms) = preSolution
		Debug|Any CPU = Debug|Any CPU
		Release|Any CPU = Release|Any CPU
	EndGlobalSection
	GlobalSection(ProjectConfigurationPlatforms) = postSolution
		{BAA9027E-DE4B-474D-8382-F4954F92DC16}.Debug|Any CPU.ActiveCfg = Debug|Any CPU
		{BAA9027E-DE4B-474D-8382-F4954F92DC16}.Debug|Any CPU.Build.0 = Debug|Any CPU
		{BAA9027E-DE4B-474D-8382-F4954F92DC16}.Release|Any CPU.ActiveCfg = Release|Any CPU
		{BAA9027E-DE4B-474D-8382-F4954F92DC16}.Release|Any CPU.Build.0 = Release|Any CPU
	EndGlobalSection
	GlobalSection(SolutionProperties) = preSolution
		HideSolutionNode = FALSE
	EndGlobalSection
	GlobalSection(ExtensibilityGlobals) = postSolution
		SolutionGuid = {2B7F6067-B9E8-4940-B312-F7A15FEEE4AC}
	EndGlobalSection
EndGlobal
